
Microsoft Visual Studio Solution File, Format Version 12.00
# Visual Studio Version 16
VisualStudioVersion = 16.0.30523.141
MinimumVisualStudioVersion = 10.0.40219.1
Project("{6EC3EE1D-3C4E-46DD-8F32-0CC8E7565705}") = "FSharp.Idioms", "FSharp.Idioms\FSharp.Idioms.fsproj", "{4F5B3EAC-7F4E-4D00-930E-2C00FC71B106}"
EndProject
Project("{F2A71F9B-5D33-465A-A702-920D77279786}") = "FSharp.Idioms.Tests", "FSharp.Idioms.Tests\FSharp.Idioms.Tests.fsproj", "{39599161-C81E-44E7-B817-AA3250CA451E}"
EndProject
Global
	GlobalSection(SolutionConfigurationPlatforms) = preSolution
		Debug|Any CPU = Debug|Any CPU
		Release|Any CPU = Release|Any CPU
	EndGlobalSection
	GlobalSection(ProjectConfigurationPlatforms) = postSolution
		{4F5B3EAC-7F4E-4D00-930E-2C00FC71B106}.Debug|Any CPU.ActiveCfg = Debug|Any CPU
		{4F5B3EAC-7F4E-4D00-930E-2C00FC71B106}.Debug|Any CPU.Build.0 = Debug|Any CPU
		{4F5B3EAC-7F4E-4D00-930E-2C00FC71B106}.Release|Any CPU.ActiveCfg = Release|Any CPU
		{4F5B3EAC-7F4E-4D00-930E-2C00FC71B106}.Release|Any CPU.Build.0 = Release|Any CPU
		{39599161-C81E-44E7-B817-AA3250CA451E}.Debug|Any CPU.ActiveCfg = Debug|Any CPU
		{39599161-C81E-44E7-B817-AA3250CA451E}.Debug|Any CPU.Build.0 = Debug|Any CPU
		{39599161-C81E-44E7-B817-AA3250CA451E}.Release|Any CPU.ActiveCfg = Release|Any CPU
		{39599161-C81E-44E7-B817-AA3250CA451E}.Release|Any CPU.Build.0 = Release|Any CPU
	EndGlobalSection
	GlobalSection(SolutionProperties) = preSolution
		HideSolutionNode = FALSE
	EndGlobalSection
	GlobalSection(ExtensibilityGlobals) = postSolution
		SolutionGuid = {BF3ABE8A-8215-4107-9347-0EE97A06F6C9}
	EndGlobalSection
EndGlobal
